
Microsoft Visual Studio Solution File, Format Version 12.00
# Visual Studio Version 16
VisualStudioVersion = 25.0.1700.5
MinimumVisualStudioVersion = 10.0.40219.1
Project("{FAE04EC0-301F-11D3-BF4B-00C04F79EFBC}") = "LM5", "LM5\LM5.csproj", "{485ABA6B-552F-4B68-A7DC-A85B0B4AF2A4}"
EndProject
Global
	GlobalSection(SolutionConfigurationPlatforms) = preSolution
		Debug|Any CPU = Debug|Any CPU
		Release|Any CPU = Release|Any CPU
	EndGlobalSection
	GlobalSection(ProjectConfigurationPlatforms) = postSolution
		{485ABA6B-552F-4B68-A7DC-A85B0B4AF2A4}.Debug|Any CPU.ActiveCfg = Debug|Any CPU
		{485ABA6B-552F-4B68-A7DC-A85B0B4AF2A4}.Debug|Any CPU.Build.0 = Debug|Any CPU
		{485ABA6B-552F-4B68-A7DC-A85B0B4AF2A4}.Release|Any CPU.ActiveCfg = Release|Any CPU
		{485ABA6B-552F-4B68-A7DC-A85B0B4AF2A4}.Release|Any CPU.Build.0 = Release|Any CPU
	EndGlobalSection
	GlobalSection(SolutionProperties) = preSolution
		HideSolutionNode = FALSE
	EndGlobalSection
	GlobalSection(ExtensibilityGlobals) = postSolution
		SolutionGuid = {BF2691CD-8C30-4568-BB55-09AF6FA806C3}
	EndGlobalSection
EndGlobal
